# This file is autogenerated, do not edit; changes may be undone by the next 'dep ensure'.


[[projects]]
  branch = "master"
  name = "github.com/AndreasBriese/bbloom"
  packages = ["."]
  revision = "28f7e881ca57bc00e028f9ede9f0d9104cfeef5e"

[[projects]]
  name = "github.com/boltdb/bolt"
  packages = ["."]
  revision = "2f1ce7a837dcb8da3ec595b1dac9d0632f0f99e8"
  version = "v1.3.1"

[[projects]]
  name = "github.com/dgraph-io/badger"
  packages = [
    ".",
    "options",
    "protos",
    "skl",
    "table",
    "y"
  ]
  revision = "391b6d3b93e6014fe8c2971fcc0c1266e47dbbd9"
  version = "v1.5.3"

[[projects]]
  branch = "master"
  name = "github.com/dgryski/go-farm"
  packages = ["."]
  revision = "2de33835d10275975374b37b2dcfd22c9020a1f5"

[[projects]]
  branch = "master"
  name = "github.com/facebookgo/inmem"
  packages = ["."]
  revision = "12ecd81f72765d005682e0fdbe5be0fbe59e8793"

[[projects]]
  name = "github.com/golang/protobuf"
  packages = ["proto"]
  revision = "aa810b61a9c79d51363740d207bb46cf8e620ed5"
  version = "v1.2.0"

[[projects]]
  branch = "master"
  name = "github.com/golang/snappy"
  packages = ["."]
  revision = "2e65f85255dbc3072edf28d6b5b8efc472979f5a"

[[projects]]
  name = "github.com/op/go-logging"
  packages = ["."]
  revision = "b2cb9fa56473e98db8caba80237377e83fe44db5"
  version = "v1"

[[projects]]
  name = "github.com/pkg/errors"
  packages = ["."]
  revision = "645ef00459ed84a119197bfb8d8205042c6df63d"
  version = "v0.8.0"

[[projects]]
  name = "github.com/pkg/profile"
  packages = ["."]
  revision = "5b67d428864e92711fcbd2f8629456121a56d91f"
  version = "v1.2.1"

[[projects]]
  branch = "master"
  name = "github.com/pmylund/go-bitset"
  packages = ["."]
  revision = "d72c4b165e1a3abf190da8c6b9f93f2a4b214e97"

[[projects]]
  branch = "master"
  name = "github.com/pmylund/go-bloom"
  packages = ["."]
  revision = "4ab62f5a40bf0ba21cd05a9d83506991427c1389"

[[projects]]
  branch = "master"
  name = "github.com/rcrowley/go-metrics"
  packages = ["."]
  revision = "e2704e165165ec55d062f5919b4b29494e9fa790"

[[projects]]
  branch = "master"
  name = "github.com/syndtr/goleveldb"
  packages = [
    "leveldb",
    "leveldb/cache",
    "leveldb/comparer",
    "leveldb/errors",
    "leveldb/filter",
    "leveldb/iterator",
    "leveldb/journal",
    "leveldb/memdb",
    "leveldb/opt",
    "leveldb/storage",
    "leveldb/table",
    "leveldb/util"
  ]
  revision = "ae2bd5eed72d46b28834ec3f60db3a3ebedd8dbd"

[[projects]]
  branch = "master"
  name = "golang.org/x/net"
  packages = [
    "context",
    "internal/timeseries",
    "trace"
  ]
  revision = "4bcd98cce591d8c7061bf313d7a3cbad05b58549"

[[projects]]
  branch = "master"
  name = "golang.org/x/sys"
  packages = ["unix"]
  revision = "4910a1d54f876d7b22162a85f4d066d3ee649450"

[solve-meta]
  analyzer-name = "dep"
  analyzer-version = 1
  inputs-digest = "862fadba45a4a18dd3600cbd5e236938ffe572751e44937328f2975bce00fb40"
  solver-name = "gps-cdcl"
  solver-version = 1
